{
  "nodes": {
    "basalt-src": {
      "flake": false,
      "locked": {
        "path": "../basalt",
        "type": "path"
      },
      "original": {
        "path": "../basalt",
        "type": "path"
      },
      "parent": []
    },
    "cairn-src": {
      "flake": false,
      "locked": {
        "path": "../cairn",
        "type": "path"
      },
      "original": {
        "path": "../cairn",
        "type": "path"
      },
      "parent": []
    },
    "flake-parts": {
      "inputs": {
        "nixpkgs-lib": [
          "unit2nix",
          "nixpkgs"
        ]
      },
      "locked": {
        "lastModified": 1775087534,
        "narHash": "sha256-91qqW8lhL7TLwgQWijoGBbiD4t7/q75KTi8NxjVmSmA=",
        "owner": "hercules-ci",
        "repo": "flake-parts",
        "rev": "3107b77cd68437b9a76194f0f7f9c55f2329ca5b",
        "type": "github"
      },
      "original": {
        "owner": "hercules-ci",
        "repo": "flake-parts",
        "type": "github"
      }
    },
    "flake-utils": {
      "inputs": {
        "systems": "systems"
      },
      "locked": {
        "lastModified": 1731533236,
        "narHash": "sha256-l0KFg5HjrsfsO/JpG+r7fRrqm12kzFHyUHqHCVpMMbI=",
        "owner": "numtide",
        "repo": "flake-utils",
        "rev": "11707dc2f618dd54ca8739b309ec4fc024de578b",
        "type": "github"
      },
      "original": {
        "owner": "numtide",
        "repo": "flake-utils",
        "type": "github"
      }
    },
    "nixpkgs": {
      "locked": {
        "lastModified": 1779694939,
        "narHash": "sha256-Ly4j75O8ICaSQx3uxPnwk2x7PMF0XQvn5r0c3yBA7FI=",
        "owner": "NixOS",
        "repo": "nixpkgs",
        "rev": "f9d8b65950353691ab56561e7c73d2e1063d810b",
        "type": "github"
      },
      "original": {
        "owner": "NixOS",
        "ref": "nixpkgs-unstable",
        "repo": "nixpkgs",
        "type": "github"
      }
    },
    "octet-src": {
      "flake": false,
      "locked": {
        "path": "../octet",
        "type": "path"
      },
      "original": {
        "path": "../octet",
        "type": "path"
      },
      "parent": []
    },
    "onix-kache-lib": {
      "flake": false,
      "locked": {
        "path": "../../onix-core/lib",
        "type": "path"
      },
      "original": {
        "path": "../../onix-core/lib",
        "type": "path"
      },
      "parent": []
    },
    "onix-kache-package-src": {
      "flake": false,
      "locked": {
        "path": "../../onix-core/pkgs/kache",
        "type": "path"
      },
      "original": {
        "path": "../../onix-core/pkgs/kache",
        "type": "path"
      },
      "parent": []
    },
    "root": {
      "inputs": {
        "basalt-src": "basalt-src",
        "cairn-src": "cairn-src",
        "flake-utils": "flake-utils",
        "nixpkgs": "nixpkgs",
        "octet-src": "octet-src",
        "onix-kache-lib": "onix-kache-lib",
        "onix-kache-package-src": "onix-kache-package-src",
        "rust-overlay": "rust-overlay",
        "ucan-src": "ucan-src",
        "unit2nix": "unit2nix"
      }
    },
    "rust-overlay": {
      "inputs": {
        "nixpkgs": [
          "nixpkgs"
        ]
      },
      "locked": {
        "lastModified": 1779851998,
        "narHash": "sha256-UkkMh3bX9QW4Luqkm98nUaOqKWrU6i65mUnph3WeSSw=",
        "owner": "oxalica",
        "repo": "rust-overlay",
        "rev": "6cddd512fa2bf7231f098d3a2f92f6e4cff71e0a",
        "type": "github"
      },
      "original": {
        "owner": "oxalica",
        "repo": "rust-overlay",
        "type": "github"
      }
    },
    "systems": {
      "locked": {
        "lastModified": 1681028828,
        "narHash": "sha256-Vy1rq5AaRuLzOxct8nz4T6wlgyUR7zLU309k9mBC768=",
        "owner": "nix-systems",
        "repo": "default",
        "rev": "da67096a3b9bf56a91d16901293e51ba5b49a27e",
        "type": "github"
      },
      "original": {
        "owner": "nix-systems",
        "repo": "default",
        "type": "github"
      }
    },
    "ucan-src": {
      "flake": false,
      "locked": {
        "path": "../ucan",
        "type": "path"
      },
      "original": {
        "path": "../ucan",
        "type": "path"
      },
      "parent": []
    },
    "unit2nix": {
      "inputs": {
        "flake-parts": "flake-parts",
        "nixpkgs": [
          "nixpkgs"
        ]
      },
      "locked": {
        "lastModified": 1776912549,
        "narHash": "sha256-gRcqbQ0NnPeS0rGVieUe1ojJ7MYPcG0NZ1pqnPmBUdc=",
        "owner": "brittonr",
        "repo": "unit2nix",
        "rev": "d4883180de0ce3033b7e4e2ab4216f33134863c5",
        "type": "github"
      },
      "original": {
        "owner": "brittonr",
        "repo": "unit2nix",
        "type": "github"
      }
    }
  },
  "root": "root",
  "version": 7
}
