{
  "nodes": {
    "artifact-src": {
      "flake": false,
      "locked": {
        "lastModified": 1785173333,
        "narHash": "sha256-XGQLG60DNeY9FUYcOmn6cfYnhCIJzyqf+VW9yofDYFU=",
        "ref": "refs/heads/main",
        "rev": "c932138d880ddf4c2967f4c024b489b5c0022bf1",
        "revCount": 17,
        "type": "git",
        "url": "ssh://git@github.com/OnixResearch/onix-artifact.git"
      },
      "original": {
        "rev": "c932138d880ddf4c2967f4c024b489b5c0022bf1",
        "type": "git",
        "url": "ssh://git@github.com/OnixResearch/onix-artifact.git"
      }
    },
    "basalt-src": {
      "flake": false,
      "locked": {
        "lastModified": 1782891181,
        "narHash": "sha256-x/BGcEFKy9shtjPEPEkHhx591lB2OXLxKdn2SYxMC4M=",
        "owner": "OnixResearch",
        "repo": "basalt",
        "rev": "d913dc01e765c9b297df5fcc57dfa06aac39bc74",
        "type": "github"
      },
      "original": {
        "owner": "OnixResearch",
        "repo": "basalt",
        "rev": "d913dc01e765c9b297df5fcc57dfa06aac39bc74",
        "type": "github"
      }
    },
    "cairn": {
      "inputs": {
        "nixpkgs": [
          "octet-toolchain",
          "nixpkgs"
        ],
        "slotcar": "slotcar"
      },
      "locked": {
        "lastModified": 1783451492,
        "narHash": "sha256-peDt26MipCBaq6sAu90DsjfJywZu8KTF4WEv1nzR7sI=",
        "owner": "onixresearch",
        "repo": "cairn",
        "rev": "fb1a7403a7897f7fa161e0b3c5d86b4cf19e52f8",
        "type": "github"
      },
      "original": {
        "owner": "onixresearch",
        "repo": "cairn",
        "type": "github"
      }
    },
    "cairn-src": {
      "flake": false,
      "locked": {
        "lastModified": 1779830727,
        "narHash": "sha256-F1J1IE0gquK3y0F99MPNQGV9gxwNB8TGNKR9FEgB0nw=",
        "owner": "OnixResearch",
        "repo": "cairn",
        "rev": "3b4c280b893f2709aebea21fc51a4f9eeba3fe3b",
        "type": "github"
      },
      "original": {
        "owner": "OnixResearch",
        "repo": "cairn",
        "rev": "3b4c280b893f2709aebea21fc51a4f9eeba3fe3b",
        "type": "github"
      }
    },
    "cairn_2": {
      "inputs": {
        "nixpkgs": [
          "octet-toolchain",
          "cairn",
          "slotcar",
          "nixpkgs"
        ],
        "slotcar": "slotcar_2"
      },
      "locked": {
        "lastModified": 1779500840,
        "narHash": "sha256-tnsP7kS55Druw+k+/ZD+4hd5f0JsLgW8komD6LSCWJ4=",
        "owner": "onixresearch",
        "repo": "cairn",
        "rev": "3c470b9478072fed00234000d5abee07c20eda1c",
        "type": "github"
      },
      "original": {
        "owner": "onixresearch",
        "repo": "cairn",
        "type": "github"
      }
    },
    "crane": {
      "locked": {
        "lastModified": 1765145449,
        "narHash": "sha256-aBVHGWWRzSpfL++LubA0CwOOQ64WNLegrYHwsVuVN7A=",
        "owner": "ipetkov",
        "repo": "crane",
        "rev": "69f538cdce5955fcd47abfed4395dc6d5194c1c5",
        "type": "github"
      },
      "original": {
        "owner": "ipetkov",
        "repo": "crane",
        "type": "github"
      }
    },
    "crane_2": {
      "locked": {
        "lastModified": 1773857772,
        "narHash": "sha256-5xsK26KRHf0WytBtsBnQYC/lTWDhQuT57HJ7SzuqZcM=",
        "owner": "ipetkov",
        "repo": "crane",
        "rev": "b556d7bbae5ff86e378451511873dfd07e4504cd",
        "type": "github"
      },
      "original": {
        "owner": "ipetkov",
        "repo": "crane",
        "type": "github"
      }
    },
    "crane_3": {
      "locked": {
        "lastModified": 1773857772,
        "narHash": "sha256-5xsK26KRHf0WytBtsBnQYC/lTWDhQuT57HJ7SzuqZcM=",
        "owner": "ipetkov",
        "repo": "crane",
        "rev": "b556d7bbae5ff86e378451511873dfd07e4504cd",
        "type": "github"
      },
      "original": {
        "owner": "ipetkov",
        "repo": "crane",
        "type": "github"
      }
    },
    "crane_4": {
      "locked": {
        "lastModified": 1773857772,
        "narHash": "sha256-5xsK26KRHf0WytBtsBnQYC/lTWDhQuT57HJ7SzuqZcM=",
        "owner": "ipetkov",
        "repo": "crane",
        "rev": "b556d7bbae5ff86e378451511873dfd07e4504cd",
        "type": "github"
      },
      "original": {
        "owner": "ipetkov",
        "repo": "crane",
        "type": "github"
      }
    },
    "dylint-src": {
      "flake": false,
      "locked": {
        "lastModified": 1774225669,
        "narHash": "sha256-3OkN9IX1ommW6JZlgOOalz8Zx8tQGNgjaM7LVMYFZVg=",
        "owner": "trailofbits",
        "repo": "dylint",
        "rev": "0e0a71eefe6f01563d11acc6e1d7af1d505934a9",
        "type": "github"
      },
      "original": {
        "owner": "trailofbits",
        "repo": "dylint",
        "rev": "0e0a71eefe6f01563d11acc6e1d7af1d505934a9",
        "type": "github"
      }
    },
    "dylint-src_2": {
      "flake": false,
      "locked": {
        "lastModified": 1774225669,
        "narHash": "sha256-3OkN9IX1ommW6JZlgOOalz8Zx8tQGNgjaM7LVMYFZVg=",
        "owner": "trailofbits",
        "repo": "dylint",
        "rev": "0e0a71eefe6f01563d11acc6e1d7af1d505934a9",
        "type": "github"
      },
      "original": {
        "owner": "trailofbits",
        "repo": "dylint",
        "rev": "0e0a71eefe6f01563d11acc6e1d7af1d505934a9",
        "type": "github"
      }
    },
    "dylint-src_3": {
      "flake": false,
      "locked": {
        "lastModified": 1774225669,
        "narHash": "sha256-3OkN9IX1ommW6JZlgOOalz8Zx8tQGNgjaM7LVMYFZVg=",
        "owner": "trailofbits",
        "repo": "dylint",
        "rev": "0e0a71eefe6f01563d11acc6e1d7af1d505934a9",
        "type": "github"
      },
      "original": {
        "owner": "trailofbits",
        "repo": "dylint",
        "rev": "0e0a71eefe6f01563d11acc6e1d7af1d505934a9",
        "type": "github"
      }
    },
    "flake-compat": {
      "flake": false,
      "locked": {
        "lastModified": 1767039857,
        "narHash": "sha256-vNpUSpF5Nuw8xvDLj2KCwwksIbjua2LZCqhV1LNRDns=",
        "owner": "NixOS",
        "repo": "flake-compat",
        "rev": "5edf11c44bc78a0d334f6334cdaf7d60d732daab",
        "type": "github"
      },
      "original": {
        "owner": "NixOS",
        "repo": "flake-compat",
        "type": "github"
      }
    },
    "flake-parts": {
      "inputs": {
        "nixpkgs-lib": [
          "unit2nix",
          "nixpkgs"
        ]
      },
      "locked": {
        "lastModified": 1775087534,
        "narHash": "sha256-91qqW8lhL7TLwgQWijoGBbiD4t7/q75KTi8NxjVmSmA=",
        "owner": "hercules-ci",
        "repo": "flake-parts",
        "rev": "3107b77cd68437b9a76194f0f7f9c55f2329ca5b",
        "type": "github"
      },
      "original": {
        "owner": "hercules-ci",
        "repo": "flake-parts",
        "type": "github"
      }
    },
    "flake-utils": {
      "inputs": {
        "systems": "systems"
      },
      "locked": {
        "lastModified": 1731533236,
        "narHash": "sha256-l0KFg5HjrsfsO/JpG+r7fRrqm12kzFHyUHqHCVpMMbI=",
        "owner": "numtide",
        "repo": "flake-utils",
        "rev": "11707dc2f618dd54ca8739b309ec4fc024de578b",
        "type": "github"
      },
      "original": {
        "owner": "numtide",
        "repo": "flake-utils",
        "rev": "11707dc2f618dd54ca8739b309ec4fc024de578b",
        "type": "github"
      }
    },
    "flake-utils_2": {
      "inputs": {
        "systems": "systems_2"
      },
      "locked": {
        "lastModified": 1731533236,
        "narHash": "sha256-l0KFg5HjrsfsO/JpG+r7fRrqm12kzFHyUHqHCVpMMbI=",
        "owner": "numtide",
        "repo": "flake-utils",
        "rev": "11707dc2f618dd54ca8739b309ec4fc024de578b",
        "type": "github"
      },
      "original": {
        "owner": "numtide",
        "repo": "flake-utils",
        "type": "github"
      }
    },
    "flake-utils_3": {
      "inputs": {
        "systems": "systems_3"
      },
      "locked": {
        "lastModified": 1731533236,
        "narHash": "sha256-l0KFg5HjrsfsO/JpG+r7fRrqm12kzFHyUHqHCVpMMbI=",
        "owner": "numtide",
        "repo": "flake-utils",
        "rev": "11707dc2f618dd54ca8739b309ec4fc024de578b",
        "type": "github"
      },
      "original": {
        "owner": "numtide",
        "repo": "flake-utils",
        "type": "github"
      }
    },
    "flake-utils_4": {
      "inputs": {
        "systems": "systems_4"
      },
      "locked": {
        "lastModified": 1731533236,
        "narHash": "sha256-l0KFg5HjrsfsO/JpG+r7fRrqm12kzFHyUHqHCVpMMbI=",
        "owner": "numtide",
        "repo": "flake-utils",
        "rev": "11707dc2f618dd54ca8739b309ec4fc024de578b",
        "type": "github"
      },
      "original": {
        "owner": "numtide",
        "repo": "flake-utils",
        "type": "github"
      }
    },
    "flake-utils_5": {
      "inputs": {
        "systems": "systems_5"
      },
      "locked": {
        "lastModified": 1731533236,
        "narHash": "sha256-l0KFg5HjrsfsO/JpG+r7fRrqm12kzFHyUHqHCVpMMbI=",
        "owner": "numtide",
        "repo": "flake-utils",
        "rev": "11707dc2f618dd54ca8739b309ec4fc024de578b",
        "type": "github"
      },
      "original": {
        "owner": "numtide",
        "repo": "flake-utils",
        "type": "github"
      }
    },
    "gitignore": {
      "inputs": {
        "nixpkgs": [
          "nickel-cli",
          "pre-commit-hooks",
          "nixpkgs"
        ]
      },
      "locked": {
        "lastModified": 1709087332,
        "narHash": "sha256-HG2cCnktfHsKV0s4XW83gU3F57gaTljL9KNSuG6bnQs=",
        "owner": "hercules-ci",
        "repo": "gitignore.nix",
        "rev": "637db329424fd7e46cf4185293b9cc8c88c95394",
        "type": "github"
      },
      "original": {
        "owner": "hercules-ci",
        "repo": "gitignore.nix",
        "type": "github"
      }
    },
    "hegel-src": {
      "flake": false,
      "locked": {
        "lastModified": 1779806843,
        "narHash": "sha256-WG4R0ahvNcPQ/uOlGnAJf9QFcZ6SYPsfI+Y9rBzorrI=",
        "owner": "hegeldev",
        "repo": "hegel-rust",
        "rev": "ed949b8084595cb467e983747f1089e214965ac6",
        "type": "github"
      },
      "original": {
        "owner": "hegeldev",
        "repo": "hegel-rust",
        "rev": "ed949b8084595cb467e983747f1089e214965ac6",
        "type": "github"
      }
    },
    "kamacite-src": {
      "flake": false,
      "locked": {
        "lastModified": 1785176269,
        "narHash": "sha256-Z6+dLkP2cziybjrAiRznP1cHUASyekhOwGl5ErWzZJc=",
        "owner": "OnixResearch",
        "repo": "kamacite",
        "rev": "d76fe4abe543724d8fc0ac4b362187caf2e27622",
        "type": "github"
      },
      "original": {
        "owner": "OnixResearch",
        "repo": "kamacite",
        "rev": "d76fe4abe543724d8fc0ac4b362187caf2e27622",
        "type": "github"
      }
    },
    "nickel-cli": {
      "inputs": {
        "crane": "crane",
        "flake-utils": "flake-utils_2",
        "nixpkgs": "nixpkgs",
        "pre-commit-hooks": "pre-commit-hooks",
        "rust-overlay": "rust-overlay"
      },
      "locked": {
        "lastModified": 1781039631,
        "narHash": "sha256-D+OI00Ouwm0v65igIYSCGPXKCl6/SZsOyz1wFM1VAF4=",
        "owner": "tweag",
        "repo": "nickel",
        "rev": "1320a983e6c3d1e2fb53dd2464b084b4903b1426",
        "type": "github"
      },
      "original": {
        "owner": "tweag",
        "repo": "nickel",
        "rev": "1320a983e6c3d1e2fb53dd2464b084b4903b1426",
        "type": "github"
      }
    },
    "nixpkgs": {
      "locked": {
        "lastModified": 1765472234,
        "narHash": "sha256-9VvC20PJPsleGMewwcWYKGzDIyjckEz8uWmT0vCDYK0=",
        "owner": "nixos",
        "repo": "nixpkgs",
        "rev": "2fbfb1d73d239d2402a8fe03963e37aab15abe8b",
        "type": "github"
      },
      "original": {
        "owner": "nixos",
        "ref": "nixos-unstable",
        "repo": "nixpkgs",
        "type": "github"
      }
    },
    "nixpkgs_2": {
      "locked": {
        "lastModified": 1779694939,
        "narHash": "sha256-Ly4j75O8ICaSQx3uxPnwk2x7PMF0XQvn5r0c3yBA7FI=",
        "owner": "NixOS",
        "repo": "nixpkgs",
        "rev": "f9d8b65950353691ab56561e7c73d2e1063d810b",
        "type": "github"
      },
      "original": {
        "owner": "NixOS",
        "repo": "nixpkgs",
        "rev": "f9d8b65950353691ab56561e7c73d2e1063d810b",
        "type": "github"
      }
    },
    "nixpkgs_3": {
      "locked": {
        "lastModified": 1773840656,
        "narHash": "sha256-9tpvMGFteZnd3gRQZFlRCohVpqooygFuy9yjuyRL2C0=",
        "owner": "NixOS",
        "repo": "nixpkgs",
        "rev": "9cf7092bdd603554bd8b63c216e8943cf9b12512",
        "type": "github"
      },
      "original": {
        "owner": "NixOS",
        "ref": "nixpkgs-unstable",
        "repo": "nixpkgs",
        "type": "github"
      }
    },
    "nixpkgs_4": {
      "locked": {
        "lastModified": 1773840656,
        "narHash": "sha256-9tpvMGFteZnd3gRQZFlRCohVpqooygFuy9yjuyRL2C0=",
        "owner": "NixOS",
        "repo": "nixpkgs",
        "rev": "9cf7092bdd603554bd8b63c216e8943cf9b12512",
        "type": "github"
      },
      "original": {
        "owner": "NixOS",
        "ref": "nixpkgs-unstable",
        "repo": "nixpkgs",
        "type": "github"
      }
    },
    "nixpkgs_5": {
      "locked": {
        "lastModified": 1773840656,
        "narHash": "sha256-9tpvMGFteZnd3gRQZFlRCohVpqooygFuy9yjuyRL2C0=",
        "owner": "NixOS",
        "repo": "nixpkgs",
        "rev": "9cf7092bdd603554bd8b63c216e8943cf9b12512",
        "type": "github"
      },
      "original": {
        "owner": "NixOS",
        "ref": "nixpkgs-unstable",
        "repo": "nixpkgs",
        "type": "github"
      }
    },
    "octet-cutover-src": {
      "flake": false,
      "locked": {
        "lastModified": 1784069899,
        "narHash": "sha256-VHMydvati2aB8U2z3JEh7z+RsjFpmjHSYRpXd3/vhCg=",
        "owner": "OnixResearch",
        "repo": "octet",
        "rev": "4367300e10740ecc99ba4b2171ace561b4787327",
        "type": "github"
      },
      "original": {
        "owner": "OnixResearch",
        "repo": "octet",
        "rev": "4367300e10740ecc99ba4b2171ace561b4787327",
        "type": "github"
      }
    },
    "octet-toolchain": {
      "inputs": {
        "cairn": "cairn",
        "crane": "crane_4",
        "dylint-src": "dylint-src_3",
        "flake-utils": "flake-utils_5",
        "nixpkgs": "nixpkgs_5",
        "rust-overlay": "rust-overlay_4"
      },
      "locked": {
        "lastModified": 1783822227,
        "narHash": "sha256-O0jnGZ9cr7bsyZqYTmBEUY0TvRnvMalI19b7eGZu42I=",
        "owner": "OnixResearch",
        "repo": "octet",
        "rev": "fc38f59330b626961d166febfdf1a5aa6575460f",
        "type": "github"
      },
      "original": {
        "owner": "OnixResearch",
        "repo": "octet",
        "rev": "fc38f59330b626961d166febfdf1a5aa6575460f",
        "type": "github"
      }
    },
    "onix-core-src": {
      "flake": false,
      "locked": {
        "lastModified": 1783296811,
        "narHash": "sha256-SlSpP5CZEdYZlr3KlRjEgYxntcHHb3qWM+F1pbnbJpo=",
        "ref": "refs/heads/main",
        "rev": "ae895854eb049ff152d3f1b96cb90a5fa45c3ec6",
        "shallow": true,
        "type": "git",
        "url": "ssh://git@github.com/onixcomputer/onix-core.git"
      },
      "original": {
        "rev": "ae895854eb049ff152d3f1b96cb90a5fa45c3ec6",
        "shallow": true,
        "type": "git",
        "url": "ssh://git@github.com/onixcomputer/onix-core.git"
      }
    },
    "pre-commit-hooks": {
      "inputs": {
        "flake-compat": "flake-compat",
        "gitignore": "gitignore",
        "nixpkgs": [
          "nickel-cli",
          "nixpkgs"
        ]
      },
      "locked": {
        "lastModified": 1767281941,
        "narHash": "sha256-6MkqajPICgugsuZ92OMoQcgSHnD6sJHwk8AxvMcIgTE=",
        "owner": "cachix",
        "repo": "git-hooks.nix",
        "rev": "f0927703b7b1c8d97511c4116eb9b4ec6645a0fa",
        "type": "github"
      },
      "original": {
        "owner": "cachix",
        "repo": "git-hooks.nix",
        "type": "github"
      }
    },
    "root": {
      "inputs": {
        "artifact-src": "artifact-src",
        "basalt-src": "basalt-src",
        "cairn-src": "cairn-src",
        "flake-utils": "flake-utils",
        "hegel-src": "hegel-src",
        "kamacite-src": "kamacite-src",
        "nickel-cli": "nickel-cli",
        "nixpkgs": "nixpkgs_2",
        "octet-cutover-src": "octet-cutover-src",
        "octet-toolchain": "octet-toolchain",
        "onix-core-src": "onix-core-src",
        "rust-overlay": "rust-overlay_5",
        "schema-migration-core-src": "schema-migration-core-src",
        "ucan-src": "ucan-src",
        "unit2nix": "unit2nix",
        "valence-src": "valence-src"
      }
    },
    "rust-overlay": {
      "inputs": {
        "nixpkgs": [
          "nickel-cli",
          "nixpkgs"
        ]
      },
      "locked": {
        "lastModified": 1765593578,
        "narHash": "sha256-qbl874bCIy9+OLImdfBfZ9ITUDDjjTAB04Dk4PlZFV0=",
        "owner": "oxalica",
        "repo": "rust-overlay",
        "rev": "348b94ed9ddffccdf1a65582a2dcff0a4a3eeeb4",
        "type": "github"
      },
      "original": {
        "owner": "oxalica",
        "repo": "rust-overlay",
        "type": "github"
      }
    },
    "rust-overlay_2": {
      "inputs": {
        "nixpkgs": [
          "octet-toolchain",
          "cairn",
          "slotcar",
          "cairn",
          "slotcar",
          "nixpkgs"
        ]
      },
      "locked": {
        "lastModified": 1774235565,
        "narHash": "sha256-D8OOwvq3zDDCtIhMcNueb9tGSZaZUanKpWDleRgQ80U=",
        "owner": "oxalica",
        "repo": "rust-overlay",
        "rev": "dc00324a2438762582b49954373112b8eab29cab",
        "type": "github"
      },
      "original": {
        "owner": "oxalica",
        "repo": "rust-overlay",
        "type": "github"
      }
    },
    "rust-overlay_3": {
      "inputs": {
        "nixpkgs": [
          "octet-toolchain",
          "cairn",
          "slotcar",
          "nixpkgs"
        ]
      },
      "locked": {
        "lastModified": 1774235565,
        "narHash": "sha256-D8OOwvq3zDDCtIhMcNueb9tGSZaZUanKpWDleRgQ80U=",
        "owner": "oxalica",
        "repo": "rust-overlay",
        "rev": "dc00324a2438762582b49954373112b8eab29cab",
        "type": "github"
      },
      "original": {
        "owner": "oxalica",
        "repo": "rust-overlay",
        "type": "github"
      }
    },
    "rust-overlay_4": {
      "inputs": {
        "nixpkgs": [
          "octet-toolchain",
          "nixpkgs"
        ]
      },
      "locked": {
        "lastModified": 1774235565,
        "narHash": "sha256-D8OOwvq3zDDCtIhMcNueb9tGSZaZUanKpWDleRgQ80U=",
        "owner": "oxalica",
        "repo": "rust-overlay",
        "rev": "dc00324a2438762582b49954373112b8eab29cab",
        "type": "github"
      },
      "original": {
        "owner": "oxalica",
        "repo": "rust-overlay",
        "type": "github"
      }
    },
    "rust-overlay_5": {
      "inputs": {
        "nixpkgs": [
          "nixpkgs"
        ]
      },
      "locked": {
        "lastModified": 1779851998,
        "narHash": "sha256-UkkMh3bX9QW4Luqkm98nUaOqKWrU6i65mUnph3WeSSw=",
        "owner": "oxalica",
        "repo": "rust-overlay",
        "rev": "6cddd512fa2bf7231f098d3a2f92f6e4cff71e0a",
        "type": "github"
      },
      "original": {
        "owner": "oxalica",
        "repo": "rust-overlay",
        "rev": "6cddd512fa2bf7231f098d3a2f92f6e4cff71e0a",
        "type": "github"
      }
    },
    "schema-migration-core-src": {
      "flake": false,
      "locked": {
        "lastModified": 1787081632,
        "narHash": "sha256-AnWxKYQTgvQwzLPMyiGmUroVNVuLos6ThjP0cGRiCcs=",
        "ref": "refs/heads/main",
        "rev": "4fe90e130f2871cf69a6febcdc70785adca98aea",
        "revCount": 3,
        "type": "git",
        "url": "https://seed.radicle.garden/z1C4YVMgDGyVdQa72uPNj3UDS5cY.git"
      },
      "original": {
        "rev": "4fe90e130f2871cf69a6febcdc70785adca98aea",
        "type": "git",
        "url": "https://seed.radicle.garden/z1C4YVMgDGyVdQa72uPNj3UDS5cY.git"
      }
    },
    "slotcar": {
      "inputs": {
        "cairn": "cairn_2",
        "crane": "crane_3",
        "dylint-src": "dylint-src_2",
        "flake-utils": "flake-utils_4",
        "nixpkgs": "nixpkgs_4",
        "rust-overlay": "rust-overlay_3"
      },
      "locked": {
        "lastModified": 1783449144,
        "narHash": "sha256-OvqB00mDIsGDOcuK5jvPJUModVz9WbIBuM/l06TABHc=",
        "owner": "OnixResearch",
        "repo": "slotcar",
        "rev": "2f8213a88781d9d38bb81319d06a50805d48ccd3",
        "type": "github"
      },
      "original": {
        "owner": "OnixResearch",
        "repo": "slotcar",
        "type": "github"
      }
    },
    "slotcar_2": {
      "inputs": {
        "crane": "crane_2",
        "dylint-src": "dylint-src",
        "flake-utils": "flake-utils_3",
        "nixpkgs": "nixpkgs_3",
        "rust-overlay": "rust-overlay_2"
      },
      "locked": {
        "lastModified": 1778903772,
        "narHash": "sha256-8F7g650MFMXm5zyOBadWg0pOHxXccDgwbOVUZYLwwkQ=",
        "owner": "onixresearch",
        "repo": "slotcar",
        "rev": "b18a547801dfebaa5ee3e748e3ebefed1a66cb17",
        "type": "github"
      },
      "original": {
        "owner": "onixresearch",
        "repo": "slotcar",
        "type": "github"
      }
    },
    "systems": {
      "locked": {
        "lastModified": 1681028828,
        "narHash": "sha256-Vy1rq5AaRuLzOxct8nz4T6wlgyUR7zLU309k9mBC768=",
        "owner": "nix-systems",
        "repo": "default",
        "rev": "da67096a3b9bf56a91d16901293e51ba5b49a27e",
        "type": "github"
      },
      "original": {
        "owner": "nix-systems",
        "repo": "default",
        "type": "github"
      }
    },
    "systems_2": {
      "locked": {
        "lastModified": 1681028828,
        "narHash": "sha256-Vy1rq5AaRuLzOxct8nz4T6wlgyUR7zLU309k9mBC768=",
        "owner": "nix-systems",
        "repo": "default",
        "rev": "da67096a3b9bf56a91d16901293e51ba5b49a27e",
        "type": "github"
      },
      "original": {
        "owner": "nix-systems",
        "repo": "default",
        "type": "github"
      }
    },
    "systems_3": {
      "locked": {
        "lastModified": 1681028828,
        "narHash": "sha256-Vy1rq5AaRuLzOxct8nz4T6wlgyUR7zLU309k9mBC768=",
        "owner": "nix-systems",
        "repo": "default",
        "rev": "da67096a3b9bf56a91d16901293e51ba5b49a27e",
        "type": "github"
      },
      "original": {
        "owner": "nix-systems",
        "repo": "default",
        "type": "github"
      }
    },
    "systems_4": {
      "locked": {
        "lastModified": 1681028828,
        "narHash": "sha256-Vy1rq5AaRuLzOxct8nz4T6wlgyUR7zLU309k9mBC768=",
        "owner": "nix-systems",
        "repo": "default",
        "rev": "da67096a3b9bf56a91d16901293e51ba5b49a27e",
        "type": "github"
      },
      "original": {
        "owner": "nix-systems",
        "repo": "default",
        "type": "github"
      }
    },
    "systems_5": {
      "locked": {
        "lastModified": 1681028828,
        "narHash": "sha256-Vy1rq5AaRuLzOxct8nz4T6wlgyUR7zLU309k9mBC768=",
        "owner": "nix-systems",
        "repo": "default",
        "rev": "da67096a3b9bf56a91d16901293e51ba5b49a27e",
        "type": "github"
      },
      "original": {
        "owner": "nix-systems",
        "repo": "default",
        "type": "github"
      }
    },
    "ucan-src": {
      "flake": false,
      "locked": {
        "lastModified": 1782889775,
        "narHash": "sha256-Z2Vu9xO9eKYXYo7aqqFm6KrNdQ8yG0ozYFZbrEOXB6s=",
        "owner": "OnixResearch",
        "repo": "ucan",
        "rev": "2aad993027d48ff148028c537cdaf91f6e5285ca",
        "type": "github"
      },
      "original": {
        "owner": "OnixResearch",
        "repo": "ucan",
        "rev": "2aad993027d48ff148028c537cdaf91f6e5285ca",
        "type": "github"
      }
    },
    "unit2nix": {
      "inputs": {
        "flake-parts": "flake-parts",
        "nixpkgs": [
          "nixpkgs"
        ]
      },
      "locked": {
        "lastModified": 1776912549,
        "narHash": "sha256-gRcqbQ0NnPeS0rGVieUe1ojJ7MYPcG0NZ1pqnPmBUdc=",
        "owner": "brittonr",
        "repo": "unit2nix",
        "rev": "d4883180de0ce3033b7e4e2ab4216f33134863c5",
        "type": "github"
      },
      "original": {
        "owner": "brittonr",
        "repo": "unit2nix",
        "rev": "d4883180de0ce3033b7e4e2ab4216f33134863c5",
        "type": "github"
      }
    },
    "valence-src": {
      "flake": false,
      "locked": {
        "lastModified": 1784063340,
        "narHash": "sha256-ASWqHCXtUIDerN5vG57TbciTs2q2kHx/dyJI6q0veDk=",
        "owner": "OnixResearch",
        "repo": "valence",
        "rev": "5f1c2ba5072c6f9622fa59b1af20502985f569fd",
        "type": "github"
      },
      "original": {
        "owner": "OnixResearch",
        "repo": "valence",
        "rev": "5f1c2ba5072c6f9622fa59b1af20502985f569fd",
        "type": "github"
      }
    }
  },
  "root": "root",
  "version": 7
}
